
Microsoft Visual Studio Solution File, Format Version 12.00
# Visual Studio Version 16
VisualStudioVersion = 16.0.34114.132
MinimumVisualStudioVersion = 10.0.40219.1
Project("{FAE04EC0-301F-11D3-BF4B-00C04F79EFBC}") = "ödev2_soru1", "ödev2_soru1\ödev2_soru1.csproj", "{CA9DD25F-0B43-42F6-B1C6-7BE029498B9E}"
EndProject
Global
	GlobalSection(SolutionConfigurationPlatforms) = preSolution
		Debug|Any CPU = Debug|Any CPU
		Release|Any CPU = Release|Any CPU
	EndGlobalSection
	GlobalSection(ProjectConfigurationPlatforms) = postSolution
		{CA9DD25F-0B43-42F6-B1C6-7BE029498B9E}.Debug|Any CPU.ActiveCfg = Debug|Any CPU
		{CA9DD25F-0B43-42F6-B1C6-7BE029498B9E}.Debug|Any CPU.Build.0 = Debug|Any CPU
		{CA9DD25F-0B43-42F6-B1C6-7BE029498B9E}.Release|Any CPU.ActiveCfg = Release|Any CPU
		{CA9DD25F-0B43-42F6-B1C6-7BE029498B9E}.Release|Any CPU.Build.0 = Release|Any CPU
	EndGlobalSection
	GlobalSection(SolutionProperties) = preSolution
		HideSolutionNode = FALSE
	EndGlobalSection
	GlobalSection(ExtensibilityGlobals) = postSolution
		SolutionGuid = {2359E337-D52E-4DD0-82E5-89BBD533AB34}
	EndGlobalSection
EndGlobal
